
Microsoft Visual Studio Solution File, Format Version 12.00
# Visual Studio Version 17
VisualStudioVersion = 17.5.002.0
MinimumVisualStudioVersion = 10.0.40219.1
Project("{9A19103F-16F7-4668-BE54-9A1E7A4F7556}") = "Prova", "Prova.csproj", "{1ECD6289-7065-412A-A9AC-FEB61A1DC40E}"
EndProject
Global
	GlobalSection(SolutionConfigurationPlatforms) = preSolution
		Debug|Any CPU = Debug|Any CPU
		Release|Any CPU = Release|Any CPU
	EndGlobalSection
	GlobalSection(ProjectConfigurationPlatforms) = postSolution
		{1ECD6289-7065-412A-A9AC-FEB61A1DC40E}.Debug|Any CPU.ActiveCfg = Debug|Any CPU
		{1ECD6289-7065-412A-A9AC-FEB61A1DC40E}.Debug|Any CPU.Build.0 = Debug|Any CPU
		{1ECD6289-7065-412A-A9AC-FEB61A1DC40E}.Release|Any CPU.ActiveCfg = Release|Any CPU
		{1ECD6289-7065-412A-A9AC-FEB61A1DC40E}.Release|Any CPU.Build.0 = Release|Any CPU
	EndGlobalSection
	GlobalSection(SolutionProperties) = preSolution
		HideSolutionNode = FALSE
	EndGlobalSection
	GlobalSection(ExtensibilityGlobals) = postSolution
		SolutionGuid = {2388DB8F-0B45-45A1-9F52-59965F5F6CD8}
	EndGlobalSection
EndGlobal
